{
  "name": "bd.8p",
  "version": "1.3.0",
  "lockfileVersion": 3,
  "requires": true,
  "packages": {
    "": {
      "name": "bd.8p",
      "version": "1.3.0",
      "license": "MIT",
      "workspaces": [
        "Themes/T1",
        "Themes/Snippets"
      ],
      "dependencies": {
        "sass": "1.99.x"
      },
      "devDependencies": {
        "chokidar": "4.0.x",
        "sass-embedded": "1.99.x"
      },
      "engines": {
        "node": ">= 21.2.0",
        "npm": ">= 10.0.0"
      }
    },
    "node_modules/@bufbuild/protobuf": {
      "version": "2.16.0",
      "resolved": "https://registry.npmjs.org/@bufbuild/protobuf/-/protobuf-2.16.0.tgz",
      "integrity": "sha512-FWa0sPlqYGJgpTs6OxBRcL/AW4JT0OIO+W1ajerluoTVh8CV0B7XM1qsNCRgnkSCkRCgOICKHRQlY17jrsm0+Q==",
      "dev": true,
      "license": "(Apache-2.0 AND BSD-3-Clause)"
    },
    "node_modules/@parcel/watcher": {
      "version": "2.6.0",
      "resolved": "https://registry.npmjs.org/@parcel/watcher/-/watcher-2.6.0.tgz",
      "integrity": "sha512-7FNeNl8NCE7aINx7WXiKQrPYZWC/hvrTsmk6zmxbI7LTXE7hVek/n8AfVgpe2y82zl3w0HvCHN0bVKMBoJcC0w==",
      "hasInstallScript": true,
      "license": "MIT",
      "optional": true,
      "dependencies": {
        "detect-libc": "^2.0.3",
        "is-glob": "^4.0.3",
        "node-addon-api": "^7.0.0",
        "picomatch": "^4.0.4"
      },
      "engines": {
        "node": ">= 10.0.0"
      },
      "funding": {
        "type": "opencollective",
        "url": "https://opencollective.com/parcel"
      },
      "optionalDependencies": {
        "@parcel/watcher-android-arm64": "2.6.0",
        "@parcel/watcher-darwin-arm64": "2.6.0",
        "@parcel/watcher-darwin-x64": "2.6.0",
        "@parcel/watcher-freebsd-x64": "2.6.0",
        "@parcel/watcher-linux-arm-glibc": "2.6.0",
        "@parcel/watcher-linux-arm-musl": "2.6.0",
        "@parcel/watcher-linux-arm64-glibc": "2.6.0",
        "@parcel/watcher-linux-arm64-musl": "2.6.0",
        "@parcel/watcher-linux-x64-glibc": "2.6.0",
        "@parcel/watcher-linux-x64-musl": "2.6.0",
        "@parcel/watcher-win32-arm64": "2.6.0",
        "@parcel/watcher-win32-x64": "2.6.0"
      }
    },
    "node_modules/@parcel/watcher-android-arm64": {
      "version": "2.6.0",
      "resolved": "https://registry.npmjs.org/@parcel/watcher-android-arm64/-/watcher-android-arm64-2.6.0.tgz",
      "integrity": "sha512-trgpLSCKRC/huFjXX/Smh+0sWe4+YtKfktIToiMl59ghz7z+qkH6kMvNnUbLyRs9N11t8l4svSCs1+5B3rOAhA==",
      "cpu": [
        "arm64"
      ],
      "license": "MIT",
      "optional": true,
      "os": [
        "android"
      ],
      "engines": {
        "node": ">= 10.0.0"
      },
      "funding": {
        "type": "opencollective",
        "url": "https://opencollective.com/parcel"
      }
    },
    "node_modules/@parcel/watcher-darwin-arm64": {
      "version": "2.6.0",
      "resolved": "https://registry.npmjs.org/@parcel/watcher-darwin-arm64/-/watcher-darwin-arm64-2.6.0.tgz",
      "integrity": "sha512-Y3QV0gl7Q1zbfueunkWIERICbEojQFCgpyG7YqOGNFLsckXyI1xu9mAIUpKY9QBYzBtSkN8dBPwd3yiAO9ovMw==",
      "cpu": [
        "arm64"
      ],
      "license": "MIT",
      "optional": true,
      "os": [
        "darwin"
      ],
      "engines": {
        "node": ">= 10.0.0"
      },
      "funding": {
        "type": "opencollective",
        "url": "https://opencollective.com/parcel"
      }
    },
    "node_modules/@parcel/watcher-darwin-x64": {
      "version": "2.6.0",
      "resolved": "https://registry.npmjs.org/@parcel/watcher-darwin-x64/-/watcher-darwin-x64-2.6.0.tgz",
      "integrity": "sha512-Ohv6OpzhUfKYD7Beb8kDvG0jbIxORCYY1JRdZnaBtnjjkJxgD7ZVL0nw2sCYd0yTMKTvz3nnTnOF3cDifK+kvw==",
      "cpu": [
        "x64"
      ],
      "license": "MIT",
      "optional": true,
      "os": [
        "darwin"
      ],
      "engines": {
        "node": ">= 10.0.0"
      },
      "funding": {
        "type": "opencollective",
        "url": "https://opencollective.com/parcel"
      }
    },
    "node_modules/@parcel/watcher-freebsd-x64": {
      "version": "2.6.0",
      "resolved": "https://registry.npmjs.org/@parcel/watcher-freebsd-x64/-/watcher-freebsd-x64-2.6.0.tgz",
      "integrity": "sha512-5HmXvDgs8VK+74jF9y9/2FE3/OnlcKmc56tjmSrEuZjpSZOGL+fvAu+HKJBdPs9uwoP2hE6TlSUpXZ/C5jUFmQ==",
      "cpu": [
        "x64"
      ],
      "license": "MIT",
      "optional": true,
      "os": [
        "freebsd"
      ],
      "engines": {
        "node": ">= 10.0.0"
      },
      "funding": {
        "type": "opencollective",
        "url": "https://opencollective.com/parcel"
      }
    },
    "node_modules/@parcel/watcher-linux-arm-glibc": {
      "version": "2.6.0",
      "resolved": "https://registry.npmjs.org/@parcel/watcher-linux-arm-glibc/-/watcher-linux-arm-glibc-2.6.0.tgz",
      "integrity": "sha512-Ps/hui3A+vMbjdqlqAowK2ZL8+BO8dBjxeWXj6npTBs3jx4wWmbPpaLuqwrQrSqIVMCnpWo238bJ1U37GhQOYg==",
      "cpu": [
        "arm"
      ],
      "license": "MIT",
      "optional": true,
      "os": [
        "linux"
      ],
      "engines": {
        "node": ">= 10.0.0"
      },
      "funding": {
        "type": "opencollective",
        "url": "https://opencollective.com/parcel"
      }
    },
    "node_modules/@parcel/watcher-linux-arm-musl": {
      "version": "2.6.0",
      "resolved": "https://registry.npmjs.org/@parcel/watcher-linux-arm-musl/-/watcher-linux-arm-musl-2.6.0.tgz",
      "integrity": "sha512-9c6AUHgHoG+IY88MRIHupztQiQnrbqHYQjkM2btA+Bf/wQnQMuiD0Wfk1EVv3TlNT3x41uU71rn6E4xh/+zvkw==",
      "cpu": [
        "arm"
      ],
      "license": "MIT",
      "optional": true,
      "os": [
        "linux"
      ],
      "engines": {
        "node": ">= 10.0.0"
      },
      "funding": {
        "type": "opencollective",
        "url": "https://opencollective.com/parcel"
      }
    },
    "node_modules/@parcel/watcher-linux-arm64-glibc": {
      "version": "2.6.0",
      "resolved": "https://registry.npmjs.org/@parcel/watcher-linux-arm64-glibc/-/watcher-linux-arm64-glibc-2.6.0.tgz",
      "integrity": "sha512-yHRqS2owEXe6Hic9z6Mh1ECsCd+ODVOGvZDyciqRd21+v+o+DnXMOrw50DSpIG2sb8GPEaPPmfeCAWKPJdq46g==",
      "cpu": [
        "arm64"
      ],
      "license": "MIT",
      "optional": true,
      "os": [
        "linux"
      ],
      "engines": {
        "node": ">= 10.0.0"
      },
      "funding": {
        "type": "opencollective",
        "url": "https://opencollective.com/parcel"
      }
    },
    "node_modules/@parcel/watcher-linux-arm64-musl": {
      "version": "2.6.0",
      "resolved": "https://registry.npmjs.org/@parcel/watcher-linux-arm64-musl/-/watcher-linux-arm64-musl-2.6.0.tgz",
      "integrity": "sha512-WhB2e/V7rqdHHWZusBSPuy5Ei8S6lSz6FE5TKKQz5h3a0O+C+mhY7vxU9b/stqvMb8beLnPY82ZrFTLKs+SrKA==",
      "cpu": [
        "arm64"
      ],
      "license": "MIT",
      "optional": true,
      "os": [
        "linux"
      ],
      "engines": {
        "node": ">= 10.0.0"
      },
      "funding": {
        "type": "opencollective",
        "url": "https://opencollective.com/parcel"
      }
    },
    "node_modules/@parcel/watcher-linux-x64-glibc": {
      "version": "2.6.0",
      "resolved": "https://registry.npmjs.org/@parcel/watcher-linux-x64-glibc/-/watcher-linux-x64-glibc-2.6.0.tgz",
      "integrity": "sha512-ulGE6x6Oz6iAwg75T8YQSoguBWasniIbX+QWpaYPcCnDOpdWX3k+4xbEYPZVLxOuoJI+svJJPD3sEj8G7lrQ3A==",
      "cpu": [
        "x64"
      ],
      "license": "MIT",
      "optional": true,
      "os": [
        "linux"
      ],
      "engines": {
        "node": ">= 10.0.0"
      },
      "funding": {
        "type": "opencollective",
        "url": "https://opencollective.com/parcel"
      }
    },
    "node_modules/@parcel/watcher-linux-x64-musl": {
      "version": "2.6.0",
      "resolved": "https://registry.npmjs.org/@parcel/watcher-linux-x64-musl/-/watcher-linux-x64-musl-2.6.0.tgz",
      "integrity": "sha512-tkBYKt7YQrjIJWYDnto2YgO8MRkjlMTSNoRHzsXinBqbLdeOM3L32wPZJvIZxqaLMfSlS/4sUjH/6STVP/XDLw==",
      "cpu": [
        "x64"
      ],
      "license": "MIT",
      "optional": true,
      "os": [
        "linux"
      ],
      "engines": {
        "node": ">= 10.0.0"
      },
      "funding": {
        "type": "opencollective",
        "url": "https://opencollective.com/parcel"
      }
    },
    "node_modules/@parcel/watcher-win32-arm64": {
      "version": "2.6.0",
      "resolved": "https://registry.npmjs.org/@parcel/watcher-win32-arm64/-/watcher-win32-arm64-2.6.0.tgz",
      "integrity": "sha512-gIZAP23jaHjGWasY/TY6yL7NHFClf0Ga7FN+iINvk+KN94rhm94lYZhFsbYFNcA04/onvGD9kKmiJLJB2HbNwQ==",
      "cpu": [
        "arm64"
      ],
      "license": "MIT",
      "optional": true,
      "os": [
        "win32"
      ],
      "engines": {
        "node": ">= 10.0.0"
      },
      "funding": {
        "type": "opencollective",
        "url": "https://opencollective.com/parcel"
      }
    },
    "node_modules/@parcel/watcher-win32-x64": {
      "version": "2.6.0",
      "resolved": "https://registry.npmjs.org/@parcel/watcher-win32-x64/-/watcher-win32-x64-2.6.0.tgz",
      "integrity": "sha512-cA+/pXV2YkfxlIcXOQ5fSWqAzzPyD78/x5qbK/I0vUkrlYHA8TIz+MXjAbGouguKVSI4bOmkTSJ1/poVSsgt+A==",
      "cpu": [
        "x64"
      ],
      "license": "MIT",
      "optional": true,
      "os": [
        "win32"
      ],
      "engines": {
        "node": ">= 10.0.0"
      },
      "funding": {
        "type": "opencollective",
        "url": "https://opencollective.com/parcel"
      }
    },
    "node_modules/chokidar": {
      "version": "4.0.3",
      "resolved": "https://registry.npmjs.org/chokidar/-/chokidar-4.0.3.tgz",
      "integrity": "sha512-Qgzu8kfBvo+cA4962jnP1KkS6Dop5NS6g7R5LFYJr4b8Ub94PPQXUksCw9PvXoeXPRRddRNC5C1JQUR2SMGtnA==",
      "license": "MIT",
      "dependencies": {
        "readdirp": "^4.0.1"
      },
      "engines": {
        "node": ">= 14.16.0"
      },
      "funding": {
        "url": "https://paulmillr.com/funding/"
      }
    },
    "node_modules/colorjs.io": {
      "version": "0.5.2",
      "resolved": "https://registry.npmjs.org/colorjs.io/-/colorjs.io-0.5.2.tgz",
      "integrity": "sha512-twmVoizEW7ylZSN32OgKdXRmo1qg+wT5/6C3xu5b9QsWzSFAhHLn2xd8ro0diCsKfCj1RdaTP/nrcW+vAoQPIw==",
      "dev": true,
      "license": "MIT"
    },
    "node_modules/detect-libc": {
      "version": "2.1.2",
      "resolved": "https://registry.npmjs.org/detect-libc/-/detect-libc-2.1.2.tgz",
      "integrity": "sha512-Btj2BOOO83o3WyH59e8MgXsxEQVcarkUOpEYrubB0urwnN10yQ364rsiByU11nZlqWYZm05i/of7io4mzihBtQ==",
      "license": "Apache-2.0",
      "optional": true,
      "engines": {
        "node": ">=8"
      }
    },
    "node_modules/has-flag": {
      "version": "4.0.0",
      "resolved": "https://registry.npmjs.org/has-flag/-/has-flag-4.0.0.tgz",
      "integrity": "sha512-EykJT/Q1KjTWctppgIAgfSO0tKVuZUjhgMr17kqTumMl6Afv3EISleU7qZUzoXDFTAHTDC4NOoG/ZxU3EvlMPQ==",
      "dev": true,
      "license": "MIT",
      "engines": {
        "node": ">=8"
      }
    },
    "node_modules/immutable": {
      "version": "5.1.9",
      "resolved": "https://registry.npmjs.org/immutable/-/immutable-5.1.9.tgz",
      "integrity": "sha512-m8nVez3rwrgmWxtLMt1ZYXB2Lv7OKYn/disyxAlSDYAlKSlFoPPfIAmAM/M5xqL4m4C/wAPw7S2/CNaUii1Hxg==",
      "license": "MIT"
    },
    "node_modules/is-extglob": {
      "version": "2.1.1",
      "resolved": "https://registry.npmjs.org/is-extglob/-/is-extglob-2.1.1.tgz",
      "integrity": "sha512-SbKbANkN603Vi4jEZv49LeVJMn4yGwsbzZworEoyEiutsN3nJYdbO36zfhGJ6QEDpOZIFkDtnq5JRxmvl3jsoQ==",
      "license": "MIT",
      "optional": true,
      "engines": {
        "node": ">=0.10.0"
      }
    },
    "node_modules/is-glob": {
      "version": "4.0.3",
      "resolved": "https://registry.npmjs.org/is-glob/-/is-glob-4.0.3.tgz",
      "integrity": "sha512-xelSayHH36ZgE7ZWhli7pW34hNbNl8Ojv5KVmkJD4hBdD3th8Tfk9vYasLM+mXWOZhFkgZfxhLSnrwRr4elSSg==",
      "license": "MIT",
      "optional": true,
      "dependencies": {
        "is-extglob": "^2.1.1"
      },
      "engines": {
        "node": ">=0.10.0"
      }
    },
    "node_modules/node-addon-api": {
      "version": "7.1.1",
      "resolved": "https://registry.npmjs.org/node-addon-api/-/node-addon-api-7.1.1.tgz",
      "integrity": "sha512-5m3bsyrjFWE1xf7nz7YXdN4udnVtXK6/Yfgn5qnahL6bCkf2yKt4k3nuTKAtT4r3IG8JNR2ncsIMdZuAzJjHQQ==",
      "license": "MIT",
      "optional": true
    },
    "node_modules/picomatch": {
      "version": "4.0.7",
      "resolved": "https://registry.npmjs.org/picomatch/-/picomatch-4.0.7.tgz",
      "integrity": "sha512-qcJu88Q2IWqJsDD529JKMdwGm/dvInW4HvQnRwiH9JtihJvzGOscDtHE3x1pBKeUOTysQ8kVmLnJ2kJu7yhcGA==",
      "license": "MIT",
      "optional": true,
      "engines": {
        "node": ">=12"
      },
      "funding": {
        "url": "https://github.com/sponsors/jonschlinkert"
      }
    },
    "node_modules/readdirp": {
      "version": "4.1.2",
      "resolved": "https://registry.npmjs.org/readdirp/-/readdirp-4.1.2.tgz",
      "integrity": "sha512-GDhwkLfywWL2s6vEjyhri+eXmfH6j1L7JE27WhqLeYzoh/A3DBaYGEj2H/HFZCn/kMfim73FXxEJTw06WtxQwg==",
      "license": "MIT",
      "engines": {
        "node": ">= 14.18.0"
      },
      "funding": {
        "type": "individual",
        "url": "https://paulmillr.com/funding/"
      }
    },
    "node_modules/rxjs": {
      "version": "7.8.2",
      "resolved": "https://registry.npmjs.org/rxjs/-/rxjs-7.8.2.tgz",
      "integrity": "sha512-dhKf903U/PQZY6boNNtAGdWbG85WAbjT/1xYoZIC7FAY0yWapOBQVsVrDl58W86//e1VpMNBtRV4MaXfdMySFA==",
      "dev": true,
      "license": "Apache-2.0",
      "dependencies": {
        "tslib": "^2.1.0"
      }
    },
    "node_modules/sass": {
      "version": "1.99.0",
      "resolved": "https://registry.npmjs.org/sass/-/sass-1.99.0.tgz",
      "integrity": "sha512-kgW13M54DUB7IsIRM5LvJkNlpH+WhMpooUcaWGFARkF1Tc82v9mIWkCbCYf+MBvpIUBSeSOTilpZjEPr2VYE6Q==",
      "license": "MIT",
      "dependencies": {
        "chokidar": "^4.0.0",
        "immutable": "^5.1.5",
        "source-map-js": ">=0.6.2 <2.0.0"
      },
      "bin": {
        "sass": "sass.js"
      },
      "engines": {
        "node": ">=14.0.0"
      },
      "optionalDependencies": {
        "@parcel/watcher": "^2.4.1"
      }
    },
    "node_modules/sass-embedded": {
      "version": "1.99.0",
      "resolved": "https://registry.npmjs.org/sass-embedded/-/sass-embedded-1.99.0.tgz",
      "integrity": "sha512-gF/juR1aX02lZHkvwxdF80SapkQeg2fetoDF6gIQkNbSw5YEUFspMkyGTjPjgZSgIHuZpy+Wz4PlebKnLXMjdg==",
      "dev": true,
      "license": "MIT",
      "dependencies": {
        "@bufbuild/protobuf": "^2.5.0",
        "colorjs.io": "^0.5.0",
        "immutable": "^5.1.5",
        "rxjs": "^7.4.0",
        "supports-color": "^8.1.1",
        "sync-child-process": "^1.0.2",
        "varint": "^6.0.0"
      },
      "bin": {
        "sass": "dist/bin/sass.js"
      },
      "engines": {
        "node": ">=16.0.0"
      },
      "optionalDependencies": {
        "sass-embedded-all-unknown": "1.99.0",
        "sass-embedded-android-arm": "1.99.0",
        "sass-embedded-android-arm64": "1.99.0",
        "sass-embedded-android-riscv64": "1.99.0",
        "sass-embedded-android-x64": "1.99.0",
        "sass-embedded-darwin-arm64": "1.99.0",
        "sass-embedded-darwin-x64": "1.99.0",
        "sass-embedded-linux-arm": "1.99.0",
        "sass-embedded-linux-arm64": "1.99.0",
        "sass-embedded-linux-musl-arm": "1.99.0",
        "sass-embedded-linux-musl-arm64": "1.99.0",
        "sass-embedded-linux-musl-riscv64": "1.99.0",
        "sass-embedded-linux-musl-x64": "1.99.0",
        "sass-embedded-linux-riscv64": "1.99.0",
        "sass-embedded-linux-x64": "1.99.0",
        "sass-embedded-unknown-all": "1.99.0",
        "sass-embedded-win32-arm64": "1.99.0",
        "sass-embedded-win32-x64": "1.99.0"
      }
    },
    "node_modules/sass-embedded-all-unknown": {
      "version": "1.99.0",
      "resolved": "https://registry.npmjs.org/sass-embedded-all-unknown/-/sass-embedded-all-unknown-1.99.0.tgz",
      "integrity": "sha512-qPIRG8Uhjo6/OKyAKixTnwMliTz+t9K6Duk0mx5z+K7n0Ts38NSJz2sjDnc7cA/8V9Lb3q09H38dZ1CLwD+ssw==",
      "cpu": [
        "!arm",
        "!arm64",
        "!riscv64",
        "!x64"
      ],
      "dev": true,
      "license": "MIT",
      "optional": true,
      "dependencies": {
        "sass": "1.99.0"
      }
    },
    "node_modules/sass-embedded-android-arm": {
      "version": "1.99.0",
      "resolved": "https://registry.npmjs.org/sass-embedded-android-arm/-/sass-embedded-android-arm-1.99.0.tgz",
      "integrity": "sha512-EHvJ0C7/VuP78Qr6f8gIUVUmCqIorEQpw2yp3cs3SMg02ZuumlhjXvkTcFBxHmFdFR23vTNk1WnhY6QSeV1nFQ==",
      "cpu": [
        "arm"
      ],
      "dev": true,
      "license": "MIT",
      "optional": true,
      "os": [
        "android"
      ],
      "engines": {
        "node": ">=14.0.0"
      }
    },
    "node_modules/sass-embedded-android-arm64": {
      "version": "1.99.0",
      "resolved": "https://registry.npmjs.org/sass-embedded-android-arm64/-/sass-embedded-android-arm64-1.99.0.tgz",
      "integrity": "sha512-fNHhdnP23yqqieCbAdym4N47AleSwjbNt6OYIYx4DdACGdtERjQB4iOX/TaKsW034MupfF7SjnAAK8w7Ptldtg==",
      "cpu": [
        "arm64"
      ],
      "dev": true,
      "license": "MIT",
      "optional": true,
      "os": [
        "android"
      ],
      "engines": {
        "node": ">=14.0.0"
      }
    },
    "node_modules/sass-embedded-android-riscv64": {
      "version": "1.99.0",
      "resolved": "https://registry.npmjs.org/sass-embedded-android-riscv64/-/sass-embedded-android-riscv64-1.99.0.tgz",
      "integrity": "sha512-4zqDFRvgGDTL5vTHuIhRxUpXFoh0Cy7Gm5Ywk19ASd8Settmd14YdPRZPmMxfgS1GH292PofV1fq1ifiSEJWBw==",
      "cpu": [
        "riscv64"
      ],
      "dev": true,
      "license": "MIT",
      "optional": true,
      "os": [
        "android"
      ],
      "engines": {
        "node": ">=14.0.0"
      }
    },
    "node_modules/sass-embedded-android-x64": {
      "version": "1.99.0",
      "resolved": "https://registry.npmjs.org/sass-embedded-android-x64/-/sass-embedded-android-x64-1.99.0.tgz",
      "integrity": "sha512-Uk53k/dGYt04RjOL4gFjZ0Z9DH9DKh8IA8WsXUkNqsxerAygoy3zqRBS2zngfE9K2jiOM87q+1R1p87ory9oQQ==",
      "cpu": [
        "x64"
      ],
      "dev": true,
      "license": "MIT",
      "optional": true,
      "os": [
        "android"
      ],
      "engines": {
        "node": ">=14.0.0"
      }
    },
    "node_modules/sass-embedded-darwin-arm64": {
      "version": "1.99.0",
      "resolved": "https://registry.npmjs.org/sass-embedded-darwin-arm64/-/sass-embedded-darwin-arm64-1.99.0.tgz",
      "integrity": "sha512-u61/7U3IGLqoO6gL+AHeiAtlTPFwJK1+964U8gp45ZN0hzh1yrARf5O1mivXv8NnNgJvbG2wWJbiNZP0lG/lTg==",
      "cpu": [
        "arm64"
      ],
      "dev": true,
      "license": "MIT",
      "optional": true,
      "os": [
        "darwin"
      ],
      "engines": {
        "node": ">=14.0.0"
      }
    },
    "node_modules/sass-embedded-darwin-x64": {
      "version": "1.99.0",
      "resolved": "https://registry.npmjs.org/sass-embedded-darwin-x64/-/sass-embedded-darwin-x64-1.99.0.tgz",
      "integrity": "sha512-j/kkk/NcXdIameLezSfXjgCiBkVcA+G60AXrX768/3g0miK1g7M9dj7xOhCb1i7/wQeiEI3rw2LLuO63xRIn4A==",
      "cpu": [
        "x64"
      ],
      "dev": true,
      "license": "MIT",
      "optional": true,
      "os": [
        "darwin"
      ],
      "engines": {
        "node": ">=14.0.0"
      }
    },
    "node_modules/sass-embedded-linux-arm": {
      "version": "1.99.0",
      "resolved": "https://registry.npmjs.org/sass-embedded-linux-arm/-/sass-embedded-linux-arm-1.99.0.tgz",
      "integrity": "sha512-d4IjJZrX2+AwB2YCy1JySwdptJECNP/WfAQLUl8txI3ka8/d3TUI155GtelnoZUkio211PwIeFvvAeZ9RXPQnw==",
      "cpu": [
        "arm"
      ],
      "dev": true,
      "license": "MIT",
      "optional": true,
      "os": [
        "linux"
      ],
      "engines": {
        "node": ">=14.0.0"
      }
    },
    "node_modules/sass-embedded-linux-arm64": {
      "version": "1.99.0",
      "resolved": "https://registry.npmjs.org/sass-embedded-linux-arm64/-/sass-embedded-linux-arm64-1.99.0.tgz",
      "integrity": "sha512-btNcFpItcB56L40n8hDeL7sRSMLDXQ56nB5h2deddJx1n60rpKSElJmkaDGHtpkrY+CTtDRV0FZDjHeTJddYew==",
      "cpu": [
        "arm64"
      ],
      "dev": true,
      "license": "MIT",
      "optional": true,
      "os": [
        "linux"
      ],
      "engines": {
        "node": ">=14.0.0"
      }
    },
    "node_modules/sass-embedded-linux-musl-arm": {
      "version": "1.99.0",
      "resolved": "https://registry.npmjs.org/sass-embedded-linux-musl-arm/-/sass-embedded-linux-musl-arm-1.99.0.tgz",
      "integrity": "sha512-2gvHOupgIw3ytatXT4nFUow71LFbuOZPEwG+HUzcNQDH8ue4Ez8cr03vsv5MDv3lIjOKcXwDvWD980t18MwkoQ==",
      "cpu": [
        "arm"
      ],
      "dev": true,
      "license": "MIT",
      "optional": true,
      "os": [
        "linux"
      ],
      "engines": {
        "node": ">=14.0.0"
      }
    },
    "node_modules/sass-embedded-linux-musl-arm64": {
      "version": "1.99.0",
      "resolved": "https://registry.npmjs.org/sass-embedded-linux-musl-arm64/-/sass-embedded-linux-musl-arm64-1.99.0.tgz",
      "integrity": "sha512-Hi2bt/IrM5P4FBKz6EcHAlniwfpoz9mnTdvSd58y+avA3SANM76upIkAdSayA8ZGwyL3gZokru1AKDPF9lJDNw==",
      "cpu": [
        "arm64"
      ],
      "dev": true,
      "license": "MIT",
      "optional": true,
      "os": [
        "linux"
      ],
      "engines": {
        "node": ">=14.0.0"
      }
    },
    "node_modules/sass-embedded-linux-musl-riscv64": {
      "version": "1.99.0",
      "resolved": "https://registry.npmjs.org/sass-embedded-linux-musl-riscv64/-/sass-embedded-linux-musl-riscv64-1.99.0.tgz",
      "integrity": "sha512-mKqGvVaJ9rHMqyZsF0kikQe4NO0f4osb67+X6nLhBiVDKvyazQHJ3zJQreNefIE36yL2sjHIclSB//MprzaQDg==",
      "cpu": [
        "riscv64"
      ],
      "dev": true,
      "license": "MIT",
      "optional": true,
      "os": [
        "linux"
      ],
      "engines": {
        "node": ">=14.0.0"
      }
    },
    "node_modules/sass-embedded-linux-musl-x64": {
      "version": "1.99.0",
      "resolved": "https://registry.npmjs.org/sass-embedded-linux-musl-x64/-/sass-embedded-linux-musl-x64-1.99.0.tgz",
      "integrity": "sha512-huhgOMmOc30r7CH7qbRbT9LerSEGSnWuS4CYNOskr9BvNeQp4dIneFufNRGZ7hkOAxUM8DglxIZJN/cyAT95Ew==",
      "cpu": [
        "x64"
      ],
      "dev": true,
      "license": "MIT",
      "optional": true,
      "os": [
        "linux"
      ],
      "engines": {
        "node": ">=14.0.0"
      }
    },
    "node_modules/sass-embedded-linux-riscv64": {
      "version": "1.99.0",
      "resolved": "https://registry.npmjs.org/sass-embedded-linux-riscv64/-/sass-embedded-linux-riscv64-1.99.0.tgz",
      "integrity": "sha512-mevFPIFAVhrH90THifxLfOntFmHtcEKOcdWnep2gJ0X4DVva4AiVIRlQe/7w9JFx5+gnDRE1oaJJkzuFUuYZsA==",
      "cpu": [
        "riscv64"
      ],
      "dev": true,
      "license": "MIT",
      "optional": true,
      "os": [
        "linux"
      ],
      "engines": {
        "node": ">=14.0.0"
      }
    },
    "node_modules/sass-embedded-linux-x64": {
      "version": "1.99.0",
      "resolved": "https://registry.npmjs.org/sass-embedded-linux-x64/-/sass-embedded-linux-x64-1.99.0.tgz",
      "integrity": "sha512-9k7IkULqIZdCIVt4Mboryt6vN8Mjmm3EhI1P3mClU5y5i3wLK5ExC3cbVWk047KsID/fvB1RLslqghXJx5BoxA==",
      "cpu": [
        "x64"
      ],
      "dev": true,
      "license": "MIT",
      "optional": true,
      "os": [
        "linux"
      ],
      "engines": {
        "node": ">=14.0.0"
      }
    },
    "node_modules/sass-embedded-unknown-all": {
      "version": "1.99.0",
      "resolved": "https://registry.npmjs.org/sass-embedded-unknown-all/-/sass-embedded-unknown-all-1.99.0.tgz",
      "integrity": "sha512-P7MxiUtL/XzGo3PX0CaB8lNNEFLQWKikPA8pbKytx9ZCLZSDkt2NJcdAbblB/sqMs4AV3EK2NadV8rI/diq3xg==",
      "dev": true,
      "license": "MIT",
      "optional": true,
      "os": [
        "!android",
        "!darwin",
        "!linux",
        "!win32"
      ],
      "dependencies": {
        "sass": "1.99.0"
      }
    },
    "node_modules/sass-embedded-win32-arm64": {
      "version": "1.99.0",
      "resolved": "https://registry.npmjs.org/sass-embedded-win32-arm64/-/sass-embedded-win32-arm64-1.99.0.tgz",
      "integrity": "sha512-8whpsW7S+uO8QApKfQuc36m3P9EISzbVZOgC79goob4qGy09u8Gz/rYvw8h1prJDSjltpHGhOzBE6LDz7WvzVw==",
      "cpu": [
        "arm64"
      ],
      "dev": true,
      "license": "MIT",
      "optional": true,
      "os": [
        "win32"
      ],
      "engines": {
        "node": ">=14.0.0"
      }
    },
    "node_modules/sass-embedded-win32-x64": {
      "version": "1.99.0",
      "resolved": "https://registry.npmjs.org/sass-embedded-win32-x64/-/sass-embedded-win32-x64-1.99.0.tgz",
      "integrity": "sha512-ipuOv1R2K4MHeuCEAZGpuUbAgma4gb0sdacyrTjJtMOy/OY9UvWfVlwErdB09KIkp4fPDpQJDJfvYN6bC8jeNg==",
      "cpu": [
        "x64"
      ],
      "dev": true,
      "license": "MIT",
      "optional": true,
      "os": [
        "win32"
      ],
      "engines": {
        "node": ">=14.0.0"
      }
    },
    "node_modules/snippets": {
      "resolved": "Themes/Snippets",
      "link": true
    },
    "node_modules/source-map-js": {
      "version": "1.2.2",
      "resolved": "https://registry.npmjs.org/source-map-js/-/source-map-js-1.2.2.tgz",
      "integrity": "sha512-KGj/8Y43x35aZVDtt+J4mK1hoLGHULMYfSkODJNQjNDC3oW1PqPoxMwo0pLUsWM/UEGzON/NxeHywEfNXNP3Vw==",
      "license": "BSD-3-Clause",
      "engines": {
        "node": ">=0.10.0"
      }
    },
    "node_modules/supports-color": {
      "version": "8.1.1",
      "resolved": "https://registry.npmjs.org/supports-color/-/supports-color-8.1.1.tgz",
      "integrity": "sha512-MpUEN2OodtUzxvKQl72cUF7RQ5EiHsGvSsVG0ia9c5RbWGL2CI4C7EpPS8UTBIplnlzZiNuV56w+FuNxy3ty2Q==",
      "dev": true,
      "license": "MIT",
      "dependencies": {
        "has-flag": "^4.0.0"
      },
      "engines": {
        "node": ">=10"
      },
      "funding": {
        "url": "https://github.com/chalk/supports-color?sponsor=1"
      }
    },
    "node_modules/sync-child-process": {
      "version": "1.0.2",
      "resolved": "https://registry.npmjs.org/sync-child-process/-/sync-child-process-1.0.2.tgz",
      "integrity": "sha512-8lD+t2KrrScJ/7KXCSyfhT3/hRq78rC0wBFqNJXv3mZyn6hW2ypM05JmlSvtqRbeq6jqA94oHbxAr2vYsJ8vDA==",
      "dev": true,
      "license": "MIT",
      "dependencies": {
        "sync-message-port": "^1.0.0"
      },
      "engines": {
        "node": ">=16.0.0"
      }
    },
    "node_modules/sync-message-port": {
      "version": "1.2.0",
      "resolved": "https://registry.npmjs.org/sync-message-port/-/sync-message-port-1.2.0.tgz",
      "integrity": "sha512-gAQ9qrUN/UCypHtGFbbe7Rc/f9bzO88IwrG8TDo/aMKAApKyD6E3W4Cm0EfhfBb6Z6SKt59tTCTfD+n1xmAvMg==",
      "dev": true,
      "license": "MIT",
      "engines": {
        "node": ">=16.0.0"
      }
    },
    "node_modules/t1": {
      "resolved": "Themes/T1",
      "link": true
    },
    "node_modules/tslib": {
      "version": "2.8.1",
      "resolved": "https://registry.npmjs.org/tslib/-/tslib-2.8.1.tgz",
      "integrity": "sha512-oJFu94HQb+KVduSUQL7wnpmqnfmLsOA/nAh6b6EH0wCEoK0/mPeXU6c3wKDV83MkOuHPRHtSXKKU99IBazS/2w==",
      "dev": true,
      "license": "0BSD"
    },
    "node_modules/varint": {
      "version": "6.0.0",
      "resolved": "https://registry.npmjs.org/varint/-/varint-6.0.0.tgz",
      "integrity": "sha512-cXEIW6cfr15lFv563k4GuVuW/fiwjknytD37jIOLSdSWuOI6WnO/oKwmP2FQTU2l01LP8/M5TSAJpzUaGe3uWg==",
      "dev": true,
      "license": "MIT"
    },
    "Themes/Snippets": {
      "name": "snippets",
      "version": "0.1.0",
      "license": "MIT"
    },
    "Themes/T1": {
      "name": "t1",
      "version": "0.1.10",
      "license": "MIT"
    }
  }
}
